
Microsoft Visual Studio Solution File, Format Version 12.00
# Visual Studio Version 17
VisualStudioVersion = 17.8.34511.84
MinimumVisualStudioVersion = 10.0.40219.1
Project("{FAE04EC0-301F-11D3-BF4B-00C04F79EFBC}") = "IBM05Feb2024ModelBinderRazorValidation", "IBM05Feb2024ModelBinderRazorValidation\IBM05Feb2024ModelBinderRazorValidation.csproj", "{90896B74-EF44-4BB2-9556-C3903EBB0A84}"
EndProject
Global
	GlobalSection(SolutionConfigurationPlatforms) = preSolution
		Debug|Any CPU = Debug|Any CPU
		Release|Any CPU = Release|Any CPU
	EndGlobalSection
	GlobalSection(ProjectConfigurationPlatforms) = postSolution
		{90896B74-EF44-4BB2-9556-C3903EBB0A84}.Debug|Any CPU.ActiveCfg = Debug|Any CPU
		{90896B74-EF44-4BB2-9556-C3903EBB0A84}.Debug|Any CPU.Build.0 = Debug|Any CPU
		{90896B74-EF44-4BB2-9556-C3903EBB0A84}.Release|Any CPU.ActiveCfg = Release|Any CPU
		{90896B74-EF44-4BB2-9556-C3903EBB0A84}.Release|Any CPU.Build.0 = Release|Any CPU
	EndGlobalSection
	GlobalSection(SolutionProperties) = preSolution
		HideSolutionNode = FALSE
	EndGlobalSection
	GlobalSection(ExtensibilityGlobals) = postSolution
		SolutionGuid = {AEC14A59-89EF-49BB-BAFE-38B9ECA0CF8D}
	EndGlobalSection
EndGlobal
